
Microsoft Visual Studio Solution File, Format Version 12.00
# Visual Studio Version 17
VisualStudioVersion = 17.6.33706.43
MinimumVisualStudioVersion = 10.0.40219.1
Project("{FAE04EC0-301F-11D3-BF4B-00C04F79EFBC}") = "FindTheLetter", "FindTheLetter\FindTheLetter.csproj", "{B7074468-21DE-43F1-B328-C30183E4142F}"
EndProject
Global
	GlobalSection(SolutionConfigurationPlatforms) = preSolution
		Debug|Any CPU = Debug|Any CPU
		Release|Any CPU = Release|Any CPU
	EndGlobalSection
	GlobalSection(ProjectConfigurationPlatforms) = postSolution
		{B7074468-21DE-43F1-B328-C30183E4142F}.Debug|Any CPU.ActiveCfg = Debug|Any CPU
		{B7074468-21DE-43F1-B328-C30183E4142F}.Debug|Any CPU.Build.0 = Debug|Any CPU
		{B7074468-21DE-43F1-B328-C30183E4142F}.Release|Any CPU.ActiveCfg = Release|Any CPU
		{B7074468-21DE-43F1-B328-C30183E4142F}.Release|Any CPU.Build.0 = Release|Any CPU
	EndGlobalSection
	GlobalSection(SolutionProperties) = preSolution
		HideSolutionNode = FALSE
	EndGlobalSection
	GlobalSection(ExtensibilityGlobals) = postSolution
		SolutionGuid = {FAA46D55-C06A-4CA9-BC95-67A27BDB3165}
	EndGlobalSection
EndGlobal
